
Microsoft Visual Studio Solution File, Format Version 12.00
# Visual Studio 15
VisualStudioVersion = 15.0.28307.438
MinimumVisualStudioVersion = 10.0.40219.1
Project("{FAE04EC0-301F-11D3-BF4B-00C04F79EFBC}") = "AutoDiagrammer", "AutoDiagrammer\AutoDiagrammer.csproj", "{A8A01BC7-B6C9-47CF-B07F-D1CF48EAF599}"
EndProject
Project("{FAE04EC0-301F-11D3-BF4B-00C04F79EFBC}") = "SUT.PrintEngine", "SUT.PrintEngine\SUT.PrintEngine.csproj", "{0B3D76D5-D9F4-4C0E-AFA9-143138EBC74D}"
EndProject
Global
	GlobalSection(SolutionConfigurationPlatforms) = preSolution
		Debug|Any CPU = Debug|Any CPU
		Debug|Mixed Platforms = Debug|Mixed Platforms
		Debug|x64 = Debug|x64
		Debug|x86 = Debug|x86
		Release|Any CPU = Release|Any CPU
		Release|Mixed Platforms = Release|Mixed Platforms
		Release|x64 = Release|x64
		Release|x86 = Release|x86
	EndGlobalSection
	GlobalSection(ProjectConfigurationPlatforms) = postSolution
		{A8A01BC7-B6C9-47CF-B07F-D1CF48EAF599}.Debug|Any CPU.ActiveCfg = Debug|Any CPU
		{A8A01BC7-B6C9-47CF-B07F-D1CF48EAF599}.Debug|Mixed Platforms.ActiveCfg = Debug|Any CPU
		{A8A01BC7-B6C9-47CF-B07F-D1CF48EAF599}.Debug|Mixed Platforms.Build.0 = Debug|Any CPU
		{A8A01BC7-B6C9-47CF-B07F-D1CF48EAF599}.Debug|x64.ActiveCfg = Debug|x64
		{A8A01BC7-B6C9-47CF-B07F-D1CF48EAF599}.Debug|x64.Build.0 = Debug|x64
		{A8A01BC7-B6C9-47CF-B07F-D1CF48EAF599}.Debug|x86.ActiveCfg = Debug|Any CPU
		{A8A01BC7-B6C9-47CF-B07F-D1CF48EAF599}.Debug|x86.Build.0 = Debug|Any CPU
		{A8A01BC7-B6C9-47CF-B07F-D1CF48EAF599}.Release|Any CPU.ActiveCfg = Release|Any CPU
		{A8A01BC7-B6C9-47CF-B07F-D1CF48EAF599}.Release|Any CPU.Build.0 = Release|Any CPU
		{A8A01BC7-B6C9-47CF-B07F-D1CF48EAF599}.Release|Mixed Platforms.ActiveCfg = Release|Any CPU
		{A8A01BC7-B6C9-47CF-B07F-D1CF48EAF599}.Release|Mixed Platforms.Build.0 = Release|Any CPU
		{A8A01BC7-B6C9-47CF-B07F-D1CF48EAF599}.Release|x64.ActiveCfg = Release|x64
		{A8A01BC7-B6C9-47CF-B07F-D1CF48EAF599}.Release|x64.Build.0 = Release|x64
		{A8A01BC7-B6C9-47CF-B07F-D1CF48EAF599}.Release|x86.ActiveCfg = Release|Any CPU
		{A8A01BC7-B6C9-47CF-B07F-D1CF48EAF599}.Release|x86.Build.0 = Release|Any CPU
		{0B3D76D5-D9F4-4C0E-AFA9-143138EBC74D}.Debug|Any CPU.ActiveCfg = Debug|Any CPU
		{0B3D76D5-D9F4-4C0E-AFA9-143138EBC74D}.Debug|Any CPU.Build.0 = Debug|Any CPU
		{0B3D76D5-D9F4-4C0E-AFA9-143138EBC74D}.Debug|Mixed Platforms.ActiveCfg = Debug|Any CPU
		{0B3D76D5-D9F4-4C0E-AFA9-143138EBC74D}.Debug|Mixed Platforms.Build.0 = Debug|Any CPU
		{0B3D76D5-D9F4-4C0E-AFA9-143138EBC74D}.Debug|x64.ActiveCfg = Debug|Any CPU
		{0B3D76D5-D9F4-4C0E-AFA9-143138EBC74D}.Debug|x64.Build.0 = Debug|Any CPU
		{0B3D76D5-D9F4-4C0E-AFA9-143138EBC74D}.Debug|x86.ActiveCfg = Debug|Any CPU
		{0B3D76D5-D9F4-4C0E-AFA9-143138EBC74D}.Release|Any CPU.ActiveCfg = Release|Any CPU
		{0B3D76D5-D9F4-4C0E-AFA9-143138EBC74D}.Release|Any CPU.Build.0 = Release|Any CPU
		{0B3D76D5-D9F4-4C0E-AFA9-143138EBC74D}.Release|Mixed Platforms.ActiveCfg = Release|Any CPU
		{0B3D76D5-D9F4-4C0E-AFA9-143138EBC74D}.Release|Mixed Platforms.Build.0 = Release|Any CPU
		{0B3D76D5-D9F4-4C0E-AFA9-143138EBC74D}.Release|x64.ActiveCfg = Release|Any CPU
		{0B3D76D5-D9F4-4C0E-AFA9-143138EBC74D}.Release|x64.Build.0 = Release|Any CPU
		{0B3D76D5-D9F4-4C0E-AFA9-143138EBC74D}.Release|x86.ActiveCfg = Release|Any CPU
	EndGlobalSection
	GlobalSection(SolutionProperties) = preSolution
		HideSolutionNode = FALSE
	EndGlobalSection
	GlobalSection(ExtensibilityGlobals) = postSolution
		SolutionGuid = {91F91CF2-5AC8-4259-9C9F-F9321918384D}
	EndGlobalSection
EndGlobal
